
Microsoft Visual Studio Solution File, Format Version 12.00
# Visual Studio Version 17
VisualStudioVersion = 17.0.31903.59
MinimumVisualStudioVersion = 10.0.40219.1
Project("{2150E333-8FDC-42A3-9474-1A3956D46DE8}") = "src", "src", "{CE8435C0-F1A3-4B66-BD34-40610AE7E7F7}"
EndProject
Project("{FAE04EC0-301F-11D3-BF4B-00C04F79EFBC}") = "NPVideoStudio.Domain", "src\NPVideoStudio.Domain\NPVideoStudio.Domain.csproj", "{F4CB9FC9-0F52-41ED-A60E-5083A2D348E0}"
EndProject
Project("{FAE04EC0-301F-11D3-BF4B-00C04F79EFBC}") = "NPVideoStudio.Core", "src\NPVideoStudio.Core\NPVideoStudio.Core.csproj", "{859A61E5-4BB9-49DF-9914-EBAF6B22180C}"
EndProject
Project("{FAE04EC0-301F-11D3-BF4B-00C04F79EFBC}") = "NPVideoStudio.Infrastructure", "src\NPVideoStudio.Infrastructure\NPVideoStudio.Infrastructure.csproj", "{3AEFBFB2-4CCB-443C-AC09-B22A0236B388}"
EndProject
Project("{FAE04EC0-301F-11D3-BF4B-00C04F79EFBC}") = "NPVideoStudio.Media", "src\NPVideoStudio.Media\NPVideoStudio.Media.csproj", "{20DADFB3-A59C-45B2-AE7C-C36D49F30359}"
EndProject
Project("{FAE04EC0-301F-11D3-BF4B-00C04F79EFBC}") = "NPVideoStudio.Diagnostics", "src\NPVideoStudio.Diagnostics\NPVideoStudio.Diagnostics.csproj", "{BAA89F69-2385-408A-B830-C7FA176A0057}"
EndProject
Project("{FAE04EC0-301F-11D3-BF4B-00C04F79EFBC}") = "NPVideoStudio.App", "src\NPVideoStudio.App\NPVideoStudio.App.csproj", "{D8F89F69-41DC-4463-9716-5CB267F75059}"
EndProject
Project("{2150E333-8FDC-42A3-9474-1A3956D46DE8}") = "tests", "tests", "{1CC49A7C-96FB-4375-92C9-F650DAF80C94}"
EndProject
Project("{FAE04EC0-301F-11D3-BF4B-00C04F79EFBC}") = "NPVideoStudio.UnitTests", "tests\NPVideoStudio.UnitTests\NPVideoStudio.UnitTests.csproj", "{FE9DCCDF-C428-4162-ADC1-C5C8D394BA39}"
EndProject
Project("{FAE04EC0-301F-11D3-BF4B-00C04F79EFBC}") = "NPVideoStudio.AI", "src\NPVideoStudio.AI\NPVideoStudio.AI.csproj", "{DFA3BC79-3C4B-4C17-B389-649C1C556AE4}"
EndProject
Project("{FAE04EC0-301F-11D3-BF4B-00C04F79EFBC}") = "NPVideoStudio.Installer", "src\NPVideoStudio.Installer\NPVideoStudio.Installer.csproj", "{E10D1A26-A5E6-4C01-8848-70BAF1A9C3CB}"
EndProject
Global
	GlobalSection(SolutionConfigurationPlatforms) = preSolution
		Debug|Any CPU = Debug|Any CPU
		Release|Any CPU = Release|Any CPU
	EndGlobalSection
	GlobalSection(SolutionProperties) = preSolution
		HideSolutionNode = FALSE
	EndGlobalSection
	GlobalSection(ProjectConfigurationPlatforms) = postSolution
		{F4CB9FC9-0F52-41ED-A60E-5083A2D348E0}.Debug|Any CPU.ActiveCfg = Debug|Any CPU
		{F4CB9FC9-0F52-41ED-A60E-5083A2D348E0}.Debug|Any CPU.Build.0 = Debug|Any CPU
		{F4CB9FC9-0F52-41ED-A60E-5083A2D348E0}.Release|Any CPU.ActiveCfg = Release|Any CPU
		{F4CB9FC9-0F52-41ED-A60E-5083A2D348E0}.Release|Any CPU.Build.0 = Release|Any CPU
		{859A61E5-4BB9-49DF-9914-EBAF6B22180C}.Debug|Any CPU.ActiveCfg = Debug|Any CPU
		{859A61E5-4BB9-49DF-9914-EBAF6B22180C}.Debug|Any CPU.Build.0 = Debug|Any CPU
		{859A61E5-4BB9-49DF-9914-EBAF6B22180C}.Release|Any CPU.ActiveCfg = Release|Any CPU
		{859A61E5-4BB9-49DF-9914-EBAF6B22180C}.Release|Any CPU.Build.0 = Release|Any CPU
		{3AEFBFB2-4CCB-443C-AC09-B22A0236B388}.Debug|Any CPU.ActiveCfg = Debug|Any CPU
		{3AEFBFB2-4CCB-443C-AC09-B22A0236B388}.Debug|Any CPU.Build.0 = Debug|Any CPU
		{3AEFBFB2-4CCB-443C-AC09-B22A0236B388}.Release|Any CPU.ActiveCfg = Release|Any CPU
		{3AEFBFB2-4CCB-443C-AC09-B22A0236B388}.Release|Any CPU.Build.0 = Release|Any CPU
		{20DADFB3-A59C-45B2-AE7C-C36D49F30359}.Debug|Any CPU.ActiveCfg = Debug|Any CPU
		{20DADFB3-A59C-45B2-AE7C-C36D49F30359}.Debug|Any CPU.Build.0 = Debug|Any CPU
		{20DADFB3-A59C-45B2-AE7C-C36D49F30359}.Release|Any CPU.ActiveCfg = Release|Any CPU
		{20DADFB3-A59C-45B2-AE7C-C36D49F30359}.Release|Any CPU.Build.0 = Release|Any CPU
		{BAA89F69-2385-408A-B830-C7FA176A0057}.Debug|Any CPU.ActiveCfg = Debug|Any CPU
		{BAA89F69-2385-408A-B830-C7FA176A0057}.Debug|Any CPU.Build.0 = Debug|Any CPU
		{BAA89F69-2385-408A-B830-C7FA176A0057}.Release|Any CPU.ActiveCfg = Release|Any CPU
		{BAA89F69-2385-408A-B830-C7FA176A0057}.Release|Any CPU.Build.0 = Release|Any CPU
		{D8F89F69-41DC-4463-9716-5CB267F75059}.Debug|Any CPU.ActiveCfg = Debug|Any CPU
		{D8F89F69-41DC-4463-9716-5CB267F75059}.Debug|Any CPU.Build.0 = Debug|Any CPU
		{D8F89F69-41DC-4463-9716-5CB267F75059}.Release|Any CPU.ActiveCfg = Release|Any CPU
		{D8F89F69-41DC-4463-9716-5CB267F75059}.Release|Any CPU.Build.0 = Release|Any CPU
		{FE9DCCDF-C428-4162-ADC1-C5C8D394BA39}.Debug|Any CPU.ActiveCfg = Debug|Any CPU
		{FE9DCCDF-C428-4162-ADC1-C5C8D394BA39}.Debug|Any CPU.Build.0 = Debug|Any CPU
		{FE9DCCDF-C428-4162-ADC1-C5C8D394BA39}.Release|Any CPU.ActiveCfg = Release|Any CPU
		{FE9DCCDF-C428-4162-ADC1-C5C8D394BA39}.Release|Any CPU.Build.0 = Release|Any CPU
		{DFA3BC79-3C4B-4C17-B389-649C1C556AE4}.Debug|Any CPU.ActiveCfg = Debug|Any CPU
		{DFA3BC79-3C4B-4C17-B389-649C1C556AE4}.Debug|Any CPU.Build.0 = Debug|Any CPU
		{DFA3BC79-3C4B-4C17-B389-649C1C556AE4}.Release|Any CPU.ActiveCfg = Release|Any CPU
		{DFA3BC79-3C4B-4C17-B389-649C1C556AE4}.Release|Any CPU.Build.0 = Release|Any CPU
		{E10D1A26-A5E6-4C01-8848-70BAF1A9C3CB}.Debug|Any CPU.ActiveCfg = Debug|Any CPU
		{E10D1A26-A5E6-4C01-8848-70BAF1A9C3CB}.Debug|Any CPU.Build.0 = Debug|Any CPU
		{E10D1A26-A5E6-4C01-8848-70BAF1A9C3CB}.Release|Any CPU.ActiveCfg = Release|Any CPU
		{E10D1A26-A5E6-4C01-8848-70BAF1A9C3CB}.Release|Any CPU.Build.0 = Release|Any CPU
	EndGlobalSection
	GlobalSection(NestedProjects) = preSolution
		{F4CB9FC9-0F52-41ED-A60E-5083A2D348E0} = {CE8435C0-F1A3-4B66-BD34-40610AE7E7F7}
		{859A61E5-4BB9-49DF-9914-EBAF6B22180C} = {CE8435C0-F1A3-4B66-BD34-40610AE7E7F7}
		{3AEFBFB2-4CCB-443C-AC09-B22A0236B388} = {CE8435C0-F1A3-4B66-BD34-40610AE7E7F7}
		{20DADFB3-A59C-45B2-AE7C-C36D49F30359} = {CE8435C0-F1A3-4B66-BD34-40610AE7E7F7}
		{BAA89F69-2385-408A-B830-C7FA176A0057} = {CE8435C0-F1A3-4B66-BD34-40610AE7E7F7}
		{D8F89F69-41DC-4463-9716-5CB267F75059} = {CE8435C0-F1A3-4B66-BD34-40610AE7E7F7}
		{FE9DCCDF-C428-4162-ADC1-C5C8D394BA39} = {1CC49A7C-96FB-4375-92C9-F650DAF80C94}
		{DFA3BC79-3C4B-4C17-B389-649C1C556AE4} = {CE8435C0-F1A3-4B66-BD34-40610AE7E7F7}
		{E10D1A26-A5E6-4C01-8848-70BAF1A9C3CB} = {CE8435C0-F1A3-4B66-BD34-40610AE7E7F7}
	EndGlobalSection
EndGlobal
